
Microsoft Visual Studio Solution File, Format Version 12.00
# Visual Studio Version 16
VisualStudioVersion = 16.0.31911.196
MinimumVisualStudioVersion = 10.0.40219.1
Project("{FAE04EC0-301F-11D3-BF4B-00C04F79EFBC}") = "DataGridViewDemo", "DataGridViewDemo\DataGridViewDemo.csproj", "{72C35BD1-D13C-4D9F-A509-29B90CFBD825}"
EndProject
Global
	GlobalSection(SolutionConfigurationPlatforms) = preSolution
		Debug|Any CPU = Debug|Any CPU
		Release|Any CPU = Release|Any CPU
	EndGlobalSection
	GlobalSection(ProjectConfigurationPlatforms) = postSolution
		{72C35BD1-D13C-4D9F-A509-29B90CFBD825}.Debug|Any CPU.ActiveCfg = Debug|Any CPU
		{72C35BD1-D13C-4D9F-A509-29B90CFBD825}.Debug|Any CPU.Build.0 = Debug|Any CPU
		{72C35BD1-D13C-4D9F-A509-29B90CFBD825}.Release|Any CPU.ActiveCfg = Release|Any CPU
		{72C35BD1-D13C-4D9F-A509-29B90CFBD825}.Release|Any CPU.Build.0 = Release|Any CPU
	EndGlobalSection
	GlobalSection(SolutionProperties) = preSolution
		HideSolutionNode = FALSE
	EndGlobalSection
	GlobalSection(ExtensibilityGlobals) = postSolution
		SolutionGuid = {D12EB2B0-F46F-4E37-9629-C10210DE93CE}
	EndGlobalSection
EndGlobal
